
Microsoft Visual Studio Solution File, Format Version 12.00
# Visual Studio Version 16
VisualStudioVersion = 16.0.30104.148
MinimumVisualStudioVersion = 10.0.40219.1
Project("{FAE04EC0-301F-11D3-BF4B-00C04F79EFBC}") = "CPMusic", "CPMusic\CPMusic.csproj", "{7BE3BAA4-6FA4-44B9-B056-C6D25A249A32}"
EndProject
Global
	GlobalSection(SolutionConfigurationPlatforms) = preSolution
		Debug|Any CPU = Debug|Any CPU
		Release|Any CPU = Release|Any CPU
	EndGlobalSection
	GlobalSection(ProjectConfigurationPlatforms) = postSolution
		{7BE3BAA4-6FA4-44B9-B056-C6D25A249A32}.Debug|Any CPU.ActiveCfg = Debug|Any CPU
		{7BE3BAA4-6FA4-44B9-B056-C6D25A249A32}.Debug|Any CPU.Build.0 = Debug|Any CPU
		{7BE3BAA4-6FA4-44B9-B056-C6D25A249A32}.Release|Any CPU.ActiveCfg = Release|Any CPU
		{7BE3BAA4-6FA4-44B9-B056-C6D25A249A32}.Release|Any CPU.Build.0 = Release|Any CPU
	EndGlobalSection
	GlobalSection(SolutionProperties) = preSolution
		HideSolutionNode = FALSE
	EndGlobalSection
	GlobalSection(ExtensibilityGlobals) = postSolution
		SolutionGuid = {E6296EB8-A196-4661-9CF2-EC6DC7CCB356}
	EndGlobalSection
EndGlobal
